// !$*UTF8*$!
{
	archiveVersion = 1;
	classes = {
	};
	objectVersion = 56;
	objects = {

/* Begin PBXBuildFile section */
		2014AD04E1419826B4500958 /* Pods_SimpleProject.framework in Frameworks */ = {isa = PBXBuildFile; fileRef = 935493BFD8C0F3181D46CAAD /* Pods_SimpleProject.framework */; };
		C388B3F92B8E34B500488032 /* AppDelegate.swift in Sources */ = {isa = PBXBuildFile; fileRef = C388B3F82B8E34B500488032 /* AppDelegate.swift */; };
		C388B3FB2B8E34B500488032 /* SceneDelegate.swift in Sources */ = {isa = PBXBuildFile; fileRef = C388B3FA2B8E34B500488032 /* SceneDelegate.swift */; };
		C388B3FD2B8E34B500488032 /* MainViewController.swift in Sources */ = {isa = PBXBuildFile; fileRef = C388B3FC2B8E34B500488032 /* MainViewController.swift */; };
		C388B4002B8E34B500488032 /* Main.storyboard in Resources */ = {isa = PBXBuildFile; fileRef = C388B3FE2B8E34B500488032 /* Main.storyboard */; };
		C388B4032B8E34B500488032 /* SimpleProject.xcdatamodeld in Sources */ = {isa = PBXBuildFile; fileRef = C388B4012B8E34B500488032 /* SimpleProject.xcdatamodeld */; };
		C388B4052B8E34B600488032 /* Assets.xcassets in Resources */ = {isa = PBXBuildFile; fileRef = C388B4042B8E34B600488032 /* Assets.xcassets */; };
		C388B4082B8E34B600488032 /* LaunchScreen.storyboard in Resources */ = {isa = PBXBuildFile; fileRef = C388B4062B8E34B600488032 /* LaunchScreen.storyboard */; };
/* End PBXBuildFile section */

/* Begin PBXFileReference section */
		6FB4B558AC956E86C0A13E45 /* Pods-SimpleProject.release.xcconfig */ = {isa = PBXFileReference; includeInIndex = 1; lastKnownFileType = text.xcconfig; name = "Pods-SimpleProject.release.xcconfig"; path = "Target Support Files/Pods-SimpleProject/Pods-SimpleProject.release.xcconfig"; sourceTree = "<group>"; };
		935493BFD8C0F3181D46CAAD /* Pods_SimpleProject.framework */ = {isa = PBXFileReference; explicitFileType = wrapper.framework; includeInIndex = 0; path = Pods_SimpleProject.framework; sourceTree = BUILT_PRODUCTS_DIR; };
		C388B3F52B8E34B500488032 /* SimpleProject.app */ = {isa = PBXFileReference; explicitFileType = wrapper.application; includeInIndex = 0; path = SimpleProject.app; sourceTree = BUILT_PRODUCTS_DIR; };
		C388B3F82B8E34B500488032 /* AppDelegate.swift */ = {isa = PBXFileReference; lastKnownFileType = sourcecode.swift; path = AppDelegate.swift; sourceTree = "<group>"; };
		C388B3FA2B8E34B500488032 /* SceneDelegate.swift */ = {isa = PBXFileReference; lastKnownFileType = sourcecode.swift; path = SceneDelegate.swift; sourceTree = "<group>"; };
		C388B3FC2B8E34B500488032 /* MainViewController.swift */ = {isa = PBXFileReference; lastKnownFileType = sourcecode.swift; path = MainViewController.swift; sourceTree = "<group>"; };
		C388B3FF2B8E34B500488032 /* Base */ = {isa = PBXFileReference; lastKnownFileType = file.storyboard; name = Base; path = Base.lproj/Main.storyboard; sourceTree = "<group>"; };
		C388B4022B8E34B500488032 /* SimpleProject.xcdatamodel */ = {isa = PBXFileReference; lastKnownFileType = wrapper.xcdatamodel; path = SimpleProject.xcdatamodel; sourceTree = "<group>"; };
		C388B4042B8E34B600488032 /* Assets.xcassets */ = {isa = PBXFileReference; lastKnownFileType = folder.assetcatalog; path = Assets.xcassets; sourceTree = "<group>"; };
		C388B4072B8E34B600488032 /* Base */ = {isa = PBXFileReference; lastKnownFileType = file.storyboard; name = Base; path = Base.lproj/LaunchScreen.storyboard; sourceTree = "<group>"; };
		C388B4092B8E34B600488032 /* Info.plist */ = {isa = PBXFileReference; lastKnownFileType = text.plist.xml; path = Info.plist; sourceTree = "<group>"; };
		C7A62F701D45CCA1F744E6AD /* Pods-SimpleProject.debug.xcconfig */ = {isa = PBXFileReference; includeInIndex = 1; lastKnownFileType = text.xcconfig; name = "Pods-SimpleProject.debug.xcconfig"; path = "Target Support Files/Pods-SimpleProject/Pods-SimpleProject.debug.xcconfig"; sourceTree = "<group>"; };
/* End PBXFileReference section */

/* Begin PBXFrameworksBuildPhase section */
		C388B3F22B8E34B500488032 /* Frameworks */ = {
			isa = PBXFrameworksBuildPhase;
			buildActionMask = 2147483647;
			files = (
				2014AD04E1419826B4500958 /* Pods_SimpleProject.framework in Frameworks */,
			);
			runOnlyForDeploymentPostprocessing = 0;
		};
/* End PBXFrameworksBuildPhase section */

/* Begin PBXGroup section */
		58B3F94F6F47F4E582573F17 /* Frameworks */ = {
			isa = PBXGroup;
			children = (
				935493BFD8C0F3181D46CAAD /* Pods_SimpleProject.framework */,
			);
			name = Frameworks;
			sourceTree = "<group>";
		};
		91CCE0DC4570BD04933AC8BE /* Pods */ = {
			isa = PBXGroup;
			children = (
				C7A62F701D45CCA1F744E6AD /* Pods-SimpleProject.debug.xcconfig */,
				6FB4B558AC956E86C0A13E45 /* Pods-SimpleProject.release.xcconfig */,
			);
			name = Pods;
			path = Pods;
			sourceTree = "<group>";
		};
		C388B3EC2B8E34B500488032 = {
			isa = PBXGroup;
			children = (
				C388B3F72B8E34B500488032 /* SimpleProject */,
				C388B3F62B8E34B500488032 /* Products */,
				91CCE0DC4570BD04933AC8BE /* Pods */,
				58B3F94F6F47F4E582573F17 /* Frameworks */,
			);
			sourceTree = "<group>";
		};
		C388B3F62B8E34B500488032 /* Products */ = {
			isa = PBXGroup;
			children = (
				C388B3F52B8E34B500488032 /* SimpleProject.app */,
			);
			name = Products;
			sourceTree = "<group>";
		};
		C388B3F72B8E34B500488032 /* SimpleProject */ = {
			isa = PBXGroup;
			children = (
				C388B3F82B8E34B500488032 /* AppDelegate.swift */,
				C388B3FA2B8E34B500488032 /* SceneDelegate.swift */,
				C388B3FC2B8E34B500488032 /* MainViewController.swift */,
				C388B3FE2B8E34B500488032 /* Main.storyboard */,
				C388B4042B8E34B600488032 /* Assets.xcassets */,
				C388B4062B8E34B600488032 /* LaunchScreen.storyboard */,
				C388B4092B8E34B600488032 /* Info.plist */,
				C388B4012B8E34B500488032 /* SimpleProject.xcdatamodeld */,
			);
			path = SimpleProject;
			sourceTree = "<group>";
		};
/* End PBXGroup section */

/* Begin PBXNativeTarget section */
		C388B3F42B8E34B500488032 /* SimpleProject */ = {
			isa = PBXNativeTarget;
			buildConfigurationList = C388B40C2B8E34B600488032 /* Build configuration list for PBXNativeTarget "SimpleProject" */;
			buildPhases = (
				ED156AF3709B1194857A0977 /* [CP] Check Pods Manifest.lock */,
				C388B3F12B8E34B500488032 /* Sources */,
				C388B3F22B8E34B500488032 /* Frameworks */,
				C388B3F32B8E34B500488032 /* Resources */,
			);
			buildRules = (
			);
			dependencies = (
			);
			name = SimpleProject;
			productName = SimpleProject;
			productReference = C388B3F52B8E34B500488032 /* SimpleProject.app */;
			productType = "com.apple.product-type.application";
		};
/* End PBXNativeTarget section */

/* Begin PBXProject section */
		C388B3ED2B8E34B500488032 /* Project object */ = {
			isa = PBXProject;
			attributes = {
				BuildIndependentTargetsInParallel = 1;
				LastSwiftUpdateCheck = 1420;
				LastUpgradeCheck = 1420;
				TargetAttributes = {
					C388B3F42B8E34B500488032 = {
						CreatedOnToolsVersion = 14.2;
					};
				};
			};
			buildConfigurationList = C388B3F02B8E34B500488032 /* Build configuration list for PBXProject "SimpleProject" */;
			compatibilityVersion = "Xcode 14.0";
			developmentRegion = en;
			hasScannedForEncodings = 0;
			knownRegions = (
				en,
				Base,
			);
			mainGroup = C388B3EC2B8E34B500488032;
			productRefGroup = C388B3F62B8E34B500488032 /* Products */;
			projectDirPath = "";
			projectRoot = "";
			targets = (
				C388B3F42B8E34B500488032 /* SimpleProject */,
			);
		};
/* End PBXProject section */

/* Begin PBXResourcesBuildPhase section */
		C388B3F32B8E34B500488032 /* Resources */ = {
			isa = PBXResourcesBuildPhase;
			buildActionMask = 2147483647;
			files = (
				C388B4082B8E34B600488032 /* LaunchScreen.storyboard in Resources */,
				C388B4052B8E34B600488032 /* Assets.xcassets in Resources */,
				C388B4002B8E34B500488032 /* Main.storyboard in Resources */,
			);
			runOnlyForDeploymentPostprocessing = 0;
		};
/* End PBXResourcesBuildPhase section */

/* Begin PBXShellScriptBuildPhase section */
		ED156AF3709B1194857A0977 /* [CP] Check Pods Manifest.lock */ = {
			isa = PBXShellScriptBuildPhase;
			buildActionMask = 2147483647;
			files = (
			);
			inputFileListPaths = (
			);
			inputPaths = (
				"${PODS_PODFILE_DIR_PATH}/Podfile.lock",
				"${PODS_ROOT}/Manifest.lock",
			);
			name = "[CP] Check Pods Manifest.lock";
			outputFileListPaths = (
			);
			outputPaths = (
				"$(DERIVED_FILE_DIR)/Pods-SimpleProject-checkManifestLockResult.txt",
			);
			runOnlyForDeploymentPostprocessing = 0;
			shellPath = /bin/sh;
			shellScript = "diff \"${PODS_PODFILE_DIR_PATH}/Podfile.lock\" \"${PODS_ROOT}/Manifest.lock\" > /dev/null\nif [ $? != 0 ] ; then\n    # print error to STDERR\n    echo \"error: The sandbox is not in sync with the Podfile.lock. Run 'pod install' or update your CocoaPods installation.\" >&2\n    exit 1\nfi\n# This output is used by Xcode 'outputs' to avoid re-running this script phase.\necho \"SUCCESS\" > \"${SCRIPT_OUTPUT_FILE_0}\"\n";
			showEnvVarsInLog = 0;
		};
/* End PBXShellScriptBuildPhase section */

/* Begin PBXSourcesBuildPhase section */
		C388B3F12B8E34B500488032 /* Sources */ = {
			isa = PBXSourcesBuildPhase;
			buildActionMask = 2147483647;
			files = (
				C388B3FD2B8E34B500488032 /* MainViewController.swift in Sources */,
				C388B3F92B8E34B500488032 /* AppDelegate.swift in Sources */,
				C388B3FB2B8E34B500488032 /* SceneDelegate.swift in Sources */,
				C388B4032B8E34B500488032 /* SimpleProject.xcdatamodeld in Sources */,
			);
			runOnlyForDeploymentPostprocessing = 0;
		};
/* End PBXSourcesBuildPhase section */

/* Begin PBXVariantGroup section */
		C388B3FE2B8E34B500488032 /* Main.storyboard */ = {
			isa = PBXVariantGroup;
			children = (
				C388B3FF2B8E34B500488032 /* Base */,
			);
			name = Main.storyboard;
			sourceTree = "<group>";
		};
		C388B4062B8E34B600488032 /* LaunchScreen.storyboard */ = {
			isa = PBXVariantGroup;
			children = (
				C388B4072B8E34B600488032 /* Base */,
			);
			name = LaunchScreen.storyboard;
			sourceTree = "<group>";
		};
/* End PBXVariantGroup section */

/* Begin XCBuildConfiguration section */
		C388B40A2B8E34B600488032 /* Debug */ = {
			isa = XCBuildConfiguration;
			buildSettings = {
				ALWAYS_SEARCH_USER_PATHS = NO;
				CLANG_ANALYZER_NONNULL = YES;
				CLANG_ANALYZER_NUMBER_OBJECT_CONVERSION = YES_AGGRESSIVE;
				CLANG_CXX_LANGUAGE_STANDARD = "gnu++20";
				CLANG_ENABLE_MODULES = YES;
				CLANG_ENABLE_OBJC_ARC = YES;
				CLANG_ENABLE_OBJC_WEAK = YES;
				CLANG_WARN_BLOCK_CAPTURE_AUTORELEASING = YES;
				CLANG_WARN_BOOL_CONVERSION = YES;
				CLANG_WARN_COMMA = YES;
				CLANG_WARN_CONSTANT_CONVERSION = YES;
				CLANG_WARN_DEPRECATED_OBJC_IMPLEMENTATIONS = YES;
				CLANG_WARN_DIRECT_OBJC_ISA_USAGE = YES_ERROR;
				CLANG_WARN_DOCUMENTATION_COMMENTS = YES;
				CLANG_WARN_EMPTY_BODY = YES;
				CLANG_WARN_ENUM_CONVERSION = YES;
				CLANG_WARN_INFINITE_RECURSION = YES;
				CLANG_WARN_INT_CONVERSION = YES;
				CLANG_WARN_NON_LITERAL_NULL_CONVERSION = YES;
				CLANG_WARN_OBJC_IMPLICIT_RETAIN_SELF = YES;
				CLANG_WARN_OBJC_LITERAL_CONVERSION = YES;
				CLANG_WARN_OBJC_ROOT_CLASS = YES_ERROR;
				CLANG_WARN_QUOTED_INCLUDE_IN_FRAMEWORK_HEADER = YES;
				CLANG_WARN_RANGE_LOOP_ANALYSIS = YES;
				CLANG_WARN_STRICT_PROTOTYPES = YES;
				CLANG_WARN_SUSPICIOUS_MOVE = YES;
				CLANG_WARN_UNGUARDED_AVAILABILITY = YES_AGGRESSIVE;
				CLANG_WARN_UNREACHABLE_CODE = YES;
				CLANG_WARN__DUPLICATE_METHOD_MATCH = YES;
				COPY_PHASE_STRIP = NO;
				DEBUG_INFORMATION_FORMAT = dwarf;
				ENABLE_STRICT_OBJC_MSGSEND = YES;
				ENABLE_TESTABILITY = YES;
				GCC_C_LANGUAGE_STANDARD = gnu11;
				GCC_DYNAMIC_NO_PIC = NO;
				GCC_NO_COMMON_BLOCKS = YES;
				GCC_OPTIMIZATION_LEVEL = 0;
				GCC_PREPROCESSOR_DEFINITIONS = (
					"DEBUG=1",
					"$(inherited)",
				);
				GCC_WARN_64_TO_32_BIT_CONVERSION = YES;
				GCC_WARN_ABOUT_RETURN_TYPE = YES_ERROR;
				GCC_WARN_UNDECLARED_SELECTOR = YES;
				GCC_WARN_UNINITIALIZED_AUTOS = YES_AGGRESSIVE;
				GCC_WARN_UNUSED_FUNCTION = YES;
				GCC_WARN_UNUSED_VARIABLE = YES;
				IPHONEOS_DEPLOYMENT_TARGET = 16.2;
				MTL_ENABLE_DEBUG_INFO = INCLUDE_SOURCE;
				MTL_FAST_MATH = YES;
				ONLY_ACTIVE_ARCH = YES;
				SDKROOT = iphoneos;
				SWIFT_ACTIVE_COMPILATION_CONDITIONS = DEBUG;
				SWIFT_OPTIMIZATION_LEVEL = "-Onone";
			};
			name = Debug;
		};
		C388B40B2B8E34B600488032 /* Release */ = {
			isa = XCBuildConfiguration;
			buildSettings = {
				ALWAYS_SEARCH_USER_PATHS = NO;
				CLANG_ANALYZER_NONNULL = YES;
				CLANG_ANALYZER_NUMBER_OBJECT_CONVERSION = YES_AGGRESSIVE;
				CLANG_CXX_LANGUAGE_STANDARD = "gnu++20";
				CLANG_ENABLE_MODULES = YES;
				CLANG_ENABLE_OBJC_ARC = YES;
				CLANG_ENABLE_OBJC_WEAK = YES;
				CLANG_WARN_BLOCK_CAPTURE_AUTORELEASING = YES;
				CLANG_WARN_BOOL_CONVERSION = YES;
				CLANG_WARN_COMMA = YES;
				CLANG_WARN_CONSTANT_CONVERSION = YES;
				CLANG_WARN_DEPRECATED_OBJC_IMPLEMENTATIONS = YES;
				CLANG_WARN_DIRECT_OBJC_ISA_USAGE = YES_ERROR;
				CLANG_WARN_DOCUMENTATION_COMMENTS = YES;
				CLANG_WARN_EMPTY_BODY = YES;
				CLANG_WARN_ENUM_CONVERSION = YES;
				CLANG_WARN_INFINITE_RECURSION = YES;
				CLANG_WARN_INT_CONVERSION = YES;
				CLANG_WARN_NON_LITERAL_NULL_CONVERSION = YES;
				CLANG_WARN_OBJC_IMPLICIT_RETAIN_SELF = YES;
				CLANG_WARN_OBJC_LITERAL_CONVERSION = YES;
				CLANG_WARN_OBJC_ROOT_CLASS = YES_ERROR;
				CLANG_WARN_QUOTED_INCLUDE_IN_FRAMEWORK_HEADER = YES;
				CLANG_WARN_RANGE_LOOP_ANALYSIS = YES;
				CLANG_WARN_STRICT_PROTOTYPES = YES;
				CLANG_WARN_SUSPICIOUS_MOVE = YES;
				CLANG_WARN_UNGUARDED_AVAILABILITY = YES_AGGRESSIVE;
				CLANG_WARN_UNREACHABLE_CODE = YES;
				CLANG_WARN__DUPLICATE_METHOD_MATCH = YES;
				COPY_PHASE_STRIP = NO;
				DEBUG_INFORMATION_FORMAT = "dwarf-with-dsym";
				ENABLE_NS_ASSERTIONS = NO;
				ENABLE_STRICT_OBJC_MSGSEND = YES;
				GCC_C_LANGUAGE_STANDARD = gnu11;
				GCC_NO_COMMON_BLOCKS = YES;
				GCC_WARN_64_TO_32_BIT_CONVERSION = YES;
				GCC_WARN_ABOUT_RETURN_TYPE = YES_ERROR;
				GCC_WARN_UNDECLARED_SELECTOR = YES;
				GCC_WARN_UNINITIALIZED_AUTOS = YES_AGGRESSIVE;
				GCC_WARN_UNUSED_FUNCTION = YES;
				GCC_WARN_UNUSED_VARIABLE = YES;
				IPHONEOS_DEPLOYMENT_TARGET = 16.2;
				MTL_ENABLE_DEBUG_INFO = NO;
				MTL_FAST_MATH = YES;
				SDKROOT = iphoneos;
				SWIFT_COMPILATION_MODE = wholemodule;
				SWIFT_OPTIMIZATION_LEVEL = "-O";
				VALIDATE_PRODUCT = YES;
			};
			name = Release;
		};
		C388B40D2B8E34B600488032 /* Debug */ = {
			isa = XCBuildConfiguration;
			baseConfigurationReference = C7A62F701D45CCA1F744E6AD /* Pods-SimpleProject.debug.xcconfig */;
			buildSettings = {
				ASSETCATALOG_COMPILER_APPICON_NAME = AppIcon;
				ASSETCATALOG_COMPILER_GLOBAL_ACCENT_COLOR_NAME = AccentColor;
				CODE_SIGN_STYLE = Automatic;
				CURRENT_PROJECT_VERSION = 1;
				GENERATE_INFOPLIST_FILE = YES;
				INFOPLIST_FILE = SimpleProject/Info.plist;
				INFOPLIST_KEY_UIApplicationSupportsIndirectInputEvents = YES;
				INFOPLIST_KEY_UILaunchStoryboardName = LaunchScreen;
				INFOPLIST_KEY_UIMainStoryboardFile = Main;
				INFOPLIST_KEY_UISupportedInterfaceOrientations_iPad = "UIInterfaceOrientationPortrait UIInterfaceOrientationPortraitUpsideDown UIInterfaceOrientationLandscapeLeft UIInterfaceOrientationLandscapeRight";
				INFOPLIST_KEY_UISupportedInterfaceOrientations_iPhone = "UIInterfaceOrientationPortrait UIInterfaceOrientationLandscapeLeft UIInterfaceOrientationLandscapeRight";
				LD_RUNPATH_SEARCH_PATHS = (
					"$(inherited)",
					"@executable_path/Frameworks",
				);
				MARKETING_VERSION = 1.0;
				PRODUCT_BUNDLE_IDENTIFIER = gtk.SimpleProject;
				PRODUCT_NAME = "$(TARGET_NAME)";
				SWIFT_EMIT_LOC_STRINGS = YES;
				SWIFT_VERSION = 5.0;
				TARGETED_DEVICE_FAMILY = "1,2";
			};
			name = Debug;
		};
		C388B40E2B8E34B600488032 /* Release */ = {
			isa = XCBuildConfiguration;
			baseConfigurationReference = 6FB4B558AC956E86C0A13E45 /* Pods-SimpleProject.release.xcconfig */;
			buildSettings = {
				ASSETCATALOG_COMPILER_APPICON_NAME = AppIcon;
				ASSETCATALOG_COMPILER_GLOBAL_ACCENT_COLOR_NAME = AccentColor;
				CODE_SIGN_STYLE = Automatic;
				CURRENT_PROJECT_VERSION = 1;
				GENERATE_INFOPLIST_FILE = YES;
				INFOPLIST_FILE = SimpleProject/Info.plist;
				INFOPLIST_KEY_UIApplicationSupportsIndirectInputEvents = YES;
				INFOPLIST_KEY_UILaunchStoryboardName = LaunchScreen;
				INFOPLIST_KEY_UIMainStoryboardFile = Main;
				INFOPLIST_KEY_UISupportedInterfaceOrientations_iPad = "UIInterfaceOrientationPortrait UIInterfaceOrientationPortraitUpsideDown UIInterfaceOrientationLandscapeLeft UIInterfaceOrientationLandscapeRight";
				INFOPLIST_KEY_UISupportedInterfaceOrientations_iPhone = "UIInterfaceOrientationPortrait UIInterfaceOrientationLandscapeLeft UIInterfaceOrientationLandscapeRight";
				LD_RUNPATH_SEARCH_PATHS = (
					"$(inherited)",
					"@executable_path/Frameworks",
				);
				MARKETING_VERSION = 1.0;
				PRODUCT_BUNDLE_IDENTIFIER = gtk.SimpleProject;
				PRODUCT_NAME = "$(TARGET_NAME)";
				SWIFT_EMIT_LOC_STRINGS = YES;
				SWIFT_VERSION = 5.0;
				TARGETED_DEVICE_FAMILY = "1,2";
			};
			name = Release;
		};
/* End XCBuildConfiguration section */

/* Begin XCConfigurationList section */
		C388B3F02B8E34B500488032 /* Build configuration list for PBXProject "SimpleProject" */ = {
			isa = XCConfigurationList;
			buildConfigurations = (
				C388B40A2B8E34B600488032 /* Debug */,
				C388B40B2B8E34B600488032 /* Release */,
			);
			defaultConfigurationIsVisible = 0;
			defaultConfigurationName = Release;
		};
		C388B40C2B8E34B600488032 /* Build configuration list for PBXNativeTarget "SimpleProject" */ = {
			isa = XCConfigurationList;
			buildConfigurations = (
				C388B40D2B8E34B600488032 /* Debug */,
				C388B40E2B8E34B600488032 /* Release */,
			);
			defaultConfigurationIsVisible = 0;
			defaultConfigurationName = Release;
		};
/* End XCConfigurationList section */

/* Begin XCVersionGroup section */
		C388B4012B8E34B500488032 /* SimpleProject.xcdatamodeld */ = {
			isa = XCVersionGroup;
			children = (
				C388B4022B8E34B500488032 /* SimpleProject.xcdatamodel */,
			);
			currentVersion = C388B4022B8E34B500488032 /* SimpleProject.xcdatamodel */;
			path = SimpleProject.xcdatamodeld;
			sourceTree = "<group>";
			versionGroupType = wrapper.xcdatamodel;
		};
/* End XCVersionGroup section */
	};
	rootObject = C388B3ED2B8E34B500488032 /* Project object */;
}
